
Microsoft Visual Studio Solution File, Format Version 12.00
# Visual Studio 14
VisualStudioVersion = 14.0.24720.0
MinimumVisualStudioVersion = 10.0.40219.1
Project("{FAE04EC0-301F-11D3-BF4B-00C04F79EFBC}") = "ServerWithOwnLogger", "ServerWithOwnLogger\ServerWithOwnLogger.csproj", "{5878A88D-4CE2-463F-85EC-E5B3AAD233D7}"
EndProject
Project("{FAE04EC0-301F-11D3-BF4B-00C04F79EFBC}") = "Logger", "..\..\Logger\Logger\Logger\Logger.csproj", "{4651CB9E-BE56-4AEC-9597-CC0C67827E42}"
EndProject
Project("{FAE04EC0-301F-11D3-BF4B-00C04F79EFBC}") = "ClientToServer", "ClientToServer\ClientToServer.csproj", "{61371CDD-99FD-4568-B0C5-3319120FE5DF}"
EndProject
Global
	GlobalSection(SolutionConfigurationPlatforms) = preSolution
		Debug|Any CPU = Debug|Any CPU
		Release|Any CPU = Release|Any CPU
	EndGlobalSection
	GlobalSection(ProjectConfigurationPlatforms) = postSolution
		{5878A88D-4CE2-463F-85EC-E5B3AAD233D7}.Debug|Any CPU.ActiveCfg = Debug|Any CPU
		{5878A88D-4CE2-463F-85EC-E5B3AAD233D7}.Debug|Any CPU.Build.0 = Debug|Any CPU
		{5878A88D-4CE2-463F-85EC-E5B3AAD233D7}.Release|Any CPU.ActiveCfg = Release|Any CPU
		{5878A88D-4CE2-463F-85EC-E5B3AAD233D7}.Release|Any CPU.Build.0 = Release|Any CPU
		{4651CB9E-BE56-4AEC-9597-CC0C67827E42}.Debug|Any CPU.ActiveCfg = Debug|Any CPU
		{4651CB9E-BE56-4AEC-9597-CC0C67827E42}.Debug|Any CPU.Build.0 = Debug|Any CPU
		{4651CB9E-BE56-4AEC-9597-CC0C67827E42}.Release|Any CPU.ActiveCfg = Release|Any CPU
		{4651CB9E-BE56-4AEC-9597-CC0C67827E42}.Release|Any CPU.Build.0 = Release|Any CPU
		{61371CDD-99FD-4568-B0C5-3319120FE5DF}.Debug|Any CPU.ActiveCfg = Debug|Any CPU
		{61371CDD-99FD-4568-B0C5-3319120FE5DF}.Debug|Any CPU.Build.0 = Debug|Any CPU
		{61371CDD-99FD-4568-B0C5-3319120FE5DF}.Release|Any CPU.ActiveCfg = Release|Any CPU
		{61371CDD-99FD-4568-B0C5-3319120FE5DF}.Release|Any CPU.Build.0 = Release|Any CPU
	EndGlobalSection
	GlobalSection(SolutionProperties) = preSolution
		HideSolutionNode = FALSE
	EndGlobalSection
EndGlobal
